
Microsoft Visual Studio Solution File, Format Version 12.00
# Visual Studio 15
VisualStudioVersion = 15.0.27004.2010
MinimumVisualStudioVersion = 10.0.40219.1
Project("{9A19103F-16F7-4668-BE54-9A1E7A4F7556}") = "Mondop.Abstractions", "Mondop.Abstractions\Mondop.Abstractions.csproj", "{B953EE94-C13A-44D2-BBB7-55CCE39D5424}"
EndProject
Global
	GlobalSection(SolutionConfigurationPlatforms) = preSolution
		Debug|Any CPU = Debug|Any CPU
		Release|Any CPU = Release|Any CPU
	EndGlobalSection
	GlobalSection(ProjectConfigurationPlatforms) = postSolution
		{B953EE94-C13A-44D2-BBB7-55CCE39D5424}.Debug|Any CPU.ActiveCfg = Debug|Any CPU
		{B953EE94-C13A-44D2-BBB7-55CCE39D5424}.Debug|Any CPU.Build.0 = Debug|Any CPU
		{B953EE94-C13A-44D2-BBB7-55CCE39D5424}.Release|Any CPU.ActiveCfg = Release|Any CPU
		{B953EE94-C13A-44D2-BBB7-55CCE39D5424}.Release|Any CPU.Build.0 = Release|Any CPU
	EndGlobalSection
	GlobalSection(SolutionProperties) = preSolution
		HideSolutionNode = FALSE
	EndGlobalSection
	GlobalSection(ExtensibilityGlobals) = postSolution
		SolutionGuid = {A8F66213-4EEF-4A65-80CD-88F598E0F53A}
	EndGlobalSection
EndGlobal
